
Microsoft Visual Studio Solution File, Format Version 12.00
# Visual Studio 14
VisualStudioVersion = 14.0.24720.0
MinimumVisualStudioVersion = 10.0.40219.1
Project("{FAE04EC0-301F-11D3-BF4B-00C04F79EFBC}") = "SimpleOne-Enterprise", "SimpleOne-Enterprise\SimpleOne-Enterprise.csproj", "{3CC05756-6AE3-4695-BE92-F735D22ACAA3}"
EndProject
Project("{FAE04EC0-301F-11D3-BF4B-00C04F79EFBC}") = "WebAPI", "WebAPI\WebAPI.csproj", "{DA3821CE-17F1-4F80-8F37-AD24D561CB51}"
EndProject
Project("{2150E333-8FDC-42A3-9474-1A3956D46DE8}") = "BuildProcess", "BuildProcess", "{20DFBF2A-1824-4110-B1F7-E8BE7BFD7D37}"
EndProject
Project("{2150E333-8FDC-42A3-9474-1A3956D46DE8}") = "Images", "Images", "{A45AE5B3-5460-4068-9B87-C7236FACBE97}"
	ProjectSection(SolutionItems) = preProject
		C:\Users\drajaman\Desktop\create-new.png = C:\Users\drajaman\Desktop\create-new.png
		C:\Users\drajaman\Desktop\dashboard.png = C:\Users\drajaman\Desktop\dashboard.png
		C:\Users\drajaman\Desktop\features.png = C:\Users\drajaman\Desktop\features.png
	EndProjectSection
EndProject
Global
	GlobalSection(SolutionConfigurationPlatforms) = preSolution
		Debug|Any CPU = Debug|Any CPU
		Release|Any CPU = Release|Any CPU
	EndGlobalSection
	GlobalSection(ProjectConfigurationPlatforms) = postSolution
		{3CC05756-6AE3-4695-BE92-F735D22ACAA3}.Debug|Any CPU.ActiveCfg = Debug|Any CPU
		{3CC05756-6AE3-4695-BE92-F735D22ACAA3}.Debug|Any CPU.Build.0 = Debug|Any CPU
		{3CC05756-6AE3-4695-BE92-F735D22ACAA3}.Release|Any CPU.ActiveCfg = Release|Any CPU
		{3CC05756-6AE3-4695-BE92-F735D22ACAA3}.Release|Any CPU.Build.0 = Release|Any CPU
		{DA3821CE-17F1-4F80-8F37-AD24D561CB51}.Debug|Any CPU.ActiveCfg = Debug|Any CPU
		{DA3821CE-17F1-4F80-8F37-AD24D561CB51}.Debug|Any CPU.Build.0 = Debug|Any CPU
		{DA3821CE-17F1-4F80-8F37-AD24D561CB51}.Release|Any CPU.ActiveCfg = Release|Any CPU
		{DA3821CE-17F1-4F80-8F37-AD24D561CB51}.Release|Any CPU.Build.0 = Release|Any CPU
	EndGlobalSection
	GlobalSection(SolutionProperties) = preSolution
		HideSolutionNode = FALSE
	EndGlobalSection
	GlobalSection(NestedProjects) = preSolution
		{A45AE5B3-5460-4068-9B87-C7236FACBE97} = {20DFBF2A-1824-4110-B1F7-E8BE7BFD7D37}
	EndGlobalSection
EndGlobal
